// !$*UTF8*$!
{
	archiveVersion = 1;
	classes = {
	};
	objectVersion = 50;
	objects = {

/* Begin PBXBuildFile section */
		D707136D23D9FEB1005832C0 /* AppDelegate.swift in Sources */ = {isa = PBXBuildFile; fileRef = D707136C23D9FEB1005832C0 /* AppDelegate.swift */; };
		D707136F23D9FEB1005832C0 /* SceneDelegate.swift in Sources */ = {isa = PBXBuildFile; fileRef = D707136E23D9FEB1005832C0 /* SceneDelegate.swift */; };
		D707137123D9FEB1005832C0 /* ViewController.swift in Sources */ = {isa = PBXBuildFile; fileRef = D707137023D9FEB1005832C0 /* ViewController.swift */; };
		D707137623D9FEB4005832C0 /* Assets.xcassets in Resources */ = {isa = PBXBuildFile; fileRef = D707137523D9FEB4005832C0 /* Assets.xcassets */; };
		D707137923D9FEB4005832C0 /* LaunchScreen.storyboard in Resources */ = {isa = PBXBuildFile; fileRef = D707137723D9FEB4005832C0 /* LaunchScreen.storyboard */; };
		D707138423D9FEB4005832C0 /* ShoppingListTests.swift in Sources */ = {isa = PBXBuildFile; fileRef = D707138323D9FEB4005832C0 /* ShoppingListTests.swift */; };
		D707139823D9FFB3005832C0 /* Extension+Double.swift in Sources */ = {isa = PBXBuildFile; fileRef = D707139023D9FFB2005832C0 /* Extension+Double.swift */; };
		D707139923D9FFB3005832C0 /* ViewConfigurable.swift in Sources */ = {isa = PBXBuildFile; fileRef = D707139123D9FFB2005832C0 /* ViewConfigurable.swift */; };
		D707139A23D9FFB3005832C0 /* HTTPClient.swift in Sources */ = {isa = PBXBuildFile; fileRef = D707139223D9FFB2005832C0 /* HTTPClient.swift */; };
		D707139B23D9FFB3005832C0 /* ViewController+Extensions.swift in Sources */ = {isa = PBXBuildFile; fileRef = D707139323D9FFB3005832C0 /* ViewController+Extensions.swift */; };
		D707139C23D9FFB3005832C0 /* UIView+Extensions.swift in Sources */ = {isa = PBXBuildFile; fileRef = D707139423D9FFB3005832C0 /* UIView+Extensions.swift */; };
		D707139D23D9FFB3005832C0 /* ReuseIdentifying.swift in Sources */ = {isa = PBXBuildFile; fileRef = D707139523D9FFB3005832C0 /* ReuseIdentifying.swift */; };
		D707139E23D9FFB3005832C0 /* GetEndpoint.swift in Sources */ = {isa = PBXBuildFile; fileRef = D707139623D9FFB3005832C0 /* GetEndpoint.swift */; };
		D707139F23D9FFB3005832C0 /* LayoutInsets.swift in Sources */ = {isa = PBXBuildFile; fileRef = D707139723D9FFB3005832C0 /* LayoutInsets.swift */; };
/* End PBXBuildFile section */

/* Begin PBXContainerItemProxy section */
		D707138023D9FEB4005832C0 /* PBXContainerItemProxy */ = {
			isa = PBXContainerItemProxy;
			containerPortal = D707136123D9FEB1005832C0 /* Project object */;
			proxyType = 1;
			remoteGlobalIDString = D707136823D9FEB1005832C0;
			remoteInfo = ShoppingList;
		};
/* End PBXContainerItemProxy section */

/* Begin PBXFileReference section */
		D707136923D9FEB1005832C0 /* ShoppingList.app */ = {isa = PBXFileReference; explicitFileType = wrapper.application; includeInIndex = 0; path = ShoppingList.app; sourceTree = BUILT_PRODUCTS_DIR; };
		D707136C23D9FEB1005832C0 /* AppDelegate.swift */ = {isa = PBXFileReference; lastKnownFileType = sourcecode.swift; path = AppDelegate.swift; sourceTree = "<group>"; };
		D707136E23D9FEB1005832C0 /* SceneDelegate.swift */ = {isa = PBXFileReference; lastKnownFileType = sourcecode.swift; path = SceneDelegate.swift; sourceTree = "<group>"; };
		D707137023D9FEB1005832C0 /* ViewController.swift */ = {isa = PBXFileReference; lastKnownFileType = sourcecode.swift; path = ViewController.swift; sourceTree = "<group>"; };
		D707137523D9FEB4005832C0 /* Assets.xcassets */ = {isa = PBXFileReference; lastKnownFileType = folder.assetcatalog; path = Assets.xcassets; sourceTree = "<group>"; };
		D707137823D9FEB4005832C0 /* Base */ = {isa = PBXFileReference; lastKnownFileType = file.storyboard; name = Base; path = Base.lproj/LaunchScreen.storyboard; sourceTree = "<group>"; };
		D707137A23D9FEB4005832C0 /* Info.plist */ = {isa = PBXFileReference; lastKnownFileType = text.plist.xml; path = Info.plist; sourceTree = "<group>"; };
		D707137F23D9FEB4005832C0 /* ShoppingListTests.xctest */ = {isa = PBXFileReference; explicitFileType = wrapper.cfbundle; includeInIndex = 0; path = ShoppingListTests.xctest; sourceTree = BUILT_PRODUCTS_DIR; };
		D707138323D9FEB4005832C0 /* ShoppingListTests.swift */ = {isa = PBXFileReference; lastKnownFileType = sourcecode.swift; path = ShoppingListTests.swift; sourceTree = "<group>"; };
		D707138523D9FEB4005832C0 /* Info.plist */ = {isa = PBXFileReference; lastKnownFileType = text.plist.xml; path = Info.plist; sourceTree = "<group>"; };
		D707139023D9FFB2005832C0 /* Extension+Double.swift */ = {isa = PBXFileReference; fileEncoding = 4; lastKnownFileType = sourcecode.swift; path = "Extension+Double.swift"; sourceTree = "<group>"; };
		D707139123D9FFB2005832C0 /* ViewConfigurable.swift */ = {isa = PBXFileReference; fileEncoding = 4; lastKnownFileType = sourcecode.swift; path = ViewConfigurable.swift; sourceTree = "<group>"; };
		D707139223D9FFB2005832C0 /* HTTPClient.swift */ = {isa = PBXFileReference; fileEncoding = 4; lastKnownFileType = sourcecode.swift; path = HTTPClient.swift; sourceTree = "<group>"; };
		D707139323D9FFB3005832C0 /* ViewController+Extensions.swift */ = {isa = PBXFileReference; fileEncoding = 4; lastKnownFileType = sourcecode.swift; path = "ViewController+Extensions.swift"; sourceTree = "<group>"; };
		D707139423D9FFB3005832C0 /* UIView+Extensions.swift */ = {isa = PBXFileReference; fileEncoding = 4; lastKnownFileType = sourcecode.swift; path = "UIView+Extensions.swift"; sourceTree = "<group>"; };
		D707139523D9FFB3005832C0 /* ReuseIdentifying.swift */ = {isa = PBXFileReference; fileEncoding = 4; lastKnownFileType = sourcecode.swift; path = ReuseIdentifying.swift; sourceTree = "<group>"; };
		D707139623D9FFB3005832C0 /* GetEndpoint.swift */ = {isa = PBXFileReference; fileEncoding = 4; lastKnownFileType = sourcecode.swift; path = GetEndpoint.swift; sourceTree = "<group>"; };
		D707139723D9FFB3005832C0 /* LayoutInsets.swift */ = {isa = PBXFileReference; fileEncoding = 4; lastKnownFileType = sourcecode.swift; path = LayoutInsets.swift; sourceTree = "<group>"; };
/* End PBXFileReference section */

/* Begin PBXFrameworksBuildPhase section */
		D707136623D9FEB1005832C0 /* Frameworks */ = {
			isa = PBXFrameworksBuildPhase;
			buildActionMask = 2147483647;
			files = (
			);
			runOnlyForDeploymentPostprocessing = 0;
		};
		D707137C23D9FEB4005832C0 /* Frameworks */ = {
			isa = PBXFrameworksBuildPhase;
			buildActionMask = 2147483647;
			files = (
			);
			runOnlyForDeploymentPostprocessing = 0;
		};
/* End PBXFrameworksBuildPhase section */

/* Begin PBXGroup section */
		D707136023D9FEB1005832C0 = {
			isa = PBXGroup;
			children = (
				D707136B23D9FEB1005832C0 /* ShoppingList */,
				D707138223D9FEB4005832C0 /* ShoppingListTests */,
				D707136A23D9FEB1005832C0 /* Products */,
			);
			sourceTree = "<group>";
		};
		D707136A23D9FEB1005832C0 /* Products */ = {
			isa = PBXGroup;
			children = (
				D707136923D9FEB1005832C0 /* ShoppingList.app */,
				D707137F23D9FEB4005832C0 /* ShoppingListTests.xctest */,
			);
			name = Products;
			sourceTree = "<group>";
		};
		D707136B23D9FEB1005832C0 /* ShoppingList */ = {
			isa = PBXGroup;
			children = (
				D70713A023D9FFE1005832C0 /* AppDelegate */,
				D707138F23D9FF85005832C0 /* Utilities */,
				D707137023D9FEB1005832C0 /* ViewController.swift */,
				D707137523D9FEB4005832C0 /* Assets.xcassets */,
				D707137723D9FEB4005832C0 /* LaunchScreen.storyboard */,
				D707137A23D9FEB4005832C0 /* Info.plist */,
			);
			path = ShoppingList;
			sourceTree = "<group>";
		};
		D707138223D9FEB4005832C0 /* ShoppingListTests */ = {
			isa = PBXGroup;
			children = (
				D707138323D9FEB4005832C0 /* ShoppingListTests.swift */,
				D707138523D9FEB4005832C0 /* Info.plist */,
			);
			path = ShoppingListTests;
			sourceTree = "<group>";
		};
		D707138F23D9FF85005832C0 /* Utilities */ = {
			isa = PBXGroup;
			children = (
				D707139023D9FFB2005832C0 /* Extension+Double.swift */,
				D707139623D9FFB3005832C0 /* GetEndpoint.swift */,
				D707139223D9FFB2005832C0 /* HTTPClient.swift */,
				D707139723D9FFB3005832C0 /* LayoutInsets.swift */,
				D707139523D9FFB3005832C0 /* ReuseIdentifying.swift */,
				D707139423D9FFB3005832C0 /* UIView+Extensions.swift */,
				D707139123D9FFB2005832C0 /* ViewConfigurable.swift */,
				D707139323D9FFB3005832C0 /* ViewController+Extensions.swift */,
			);
			path = Utilities;
			sourceTree = "<group>";
		};
		D70713A023D9FFE1005832C0 /* AppDelegate */ = {
			isa = PBXGroup;
			children = (
				D707136C23D9FEB1005832C0 /* AppDelegate.swift */,
				D707136E23D9FEB1005832C0 /* SceneDelegate.swift */,
			);
			path = AppDelegate;
			sourceTree = "<group>";
		};
/* End PBXGroup section */

/* Begin PBXNativeTarget section */
		D707136823D9FEB1005832C0 /* ShoppingList */ = {
			isa = PBXNativeTarget;
			buildConfigurationList = D707138823D9FEB4005832C0 /* Build configuration list for PBXNativeTarget "ShoppingList" */;
			buildPhases = (
				D707136523D9FEB1005832C0 /* Sources */,
				D707136623D9FEB1005832C0 /* Frameworks */,
				D707136723D9FEB1005832C0 /* Resources */,
			);
			buildRules = (
			);
			dependencies = (
			);
			name = ShoppingList;
			productName = ShoppingList;
			productReference = D707136923D9FEB1005832C0 /* ShoppingList.app */;
			productType = "com.apple.product-type.application";
		};
		D707137E23D9FEB4005832C0 /* ShoppingListTests */ = {
			isa = PBXNativeTarget;
			buildConfigurationList = D707138B23D9FEB4005832C0 /* Build configuration list for PBXNativeTarget "ShoppingListTests" */;
			buildPhases = (
				D707137B23D9FEB4005832C0 /* Sources */,
				D707137C23D9FEB4005832C0 /* Frameworks */,
				D707137D23D9FEB4005832C0 /* Resources */,
			);
			buildRules = (
			);
			dependencies = (
				D707138123D9FEB4005832C0 /* PBXTargetDependency */,
			);
			name = ShoppingListTests;
			productName = ShoppingListTests;
			productReference = D707137F23D9FEB4005832C0 /* ShoppingListTests.xctest */;
			productType = "com.apple.product-type.bundle.unit-test";
		};
/* End PBXNativeTarget section */

/* Begin PBXProject section */
		D707136123D9FEB1005832C0 /* Project object */ = {
			isa = PBXProject;
			attributes = {
				LastSwiftUpdateCheck = 1120;
				LastUpgradeCheck = 1120;
				ORGANIZATIONNAME = "Szymon Szysz";
				TargetAttributes = {
					D707136823D9FEB1005832C0 = {
						CreatedOnToolsVersion = 11.2.1;
					};
					D707137E23D9FEB4005832C0 = {
						CreatedOnToolsVersion = 11.2.1;
						TestTargetID = D707136823D9FEB1005832C0;
					};
				};
			};
			buildConfigurationList = D707136423D9FEB1005832C0 /* Build configuration list for PBXProject "ShoppingList" */;
			compatibilityVersion = "Xcode 9.3";
			developmentRegion = en;
			hasScannedForEncodings = 0;
			knownRegions = (
				en,
				Base,
			);
			mainGroup = D707136023D9FEB1005832C0;
			productRefGroup = D707136A23D9FEB1005832C0 /* Products */;
			projectDirPath = "";
			projectRoot = "";
			targets = (
				D707136823D9FEB1005832C0 /* ShoppingList */,
				D707137E23D9FEB4005832C0 /* ShoppingListTests */,
			);
		};
/* End PBXProject section */

/* Begin PBXResourcesBuildPhase section */
		D707136723D9FEB1005832C0 /* Resources */ = {
			isa = PBXResourcesBuildPhase;
			buildActionMask = 2147483647;
			files = (
				D707137923D9FEB4005832C0 /* LaunchScreen.storyboard in Resources */,
				D707137623D9FEB4005832C0 /* Assets.xcassets in Resources */,
			);
			runOnlyForDeploymentPostprocessing = 0;
		};
		D707137D23D9FEB4005832C0 /* Resources */ = {
			isa = PBXResourcesBuildPhase;
			buildActionMask = 2147483647;
			files = (
			);
			runOnlyForDeploymentPostprocessing = 0;
		};
/* End PBXResourcesBuildPhase section */

/* Begin PBXSourcesBuildPhase section */
		D707136523D9FEB1005832C0 /* Sources */ = {
			isa = PBXSourcesBuildPhase;
			buildActionMask = 2147483647;
			files = (
				D707139823D9FFB3005832C0 /* Extension+Double.swift in Sources */,
				D707139E23D9FFB3005832C0 /* GetEndpoint.swift in Sources */,
				D707139D23D9FFB3005832C0 /* ReuseIdentifying.swift in Sources */,
				D707137123D9FEB1005832C0 /* ViewController.swift in Sources */,
				D707139A23D9FFB3005832C0 /* HTTPClient.swift in Sources */,
				D707139F23D9FFB3005832C0 /* LayoutInsets.swift in Sources */,
				D707136D23D9FEB1005832C0 /* AppDelegate.swift in Sources */,
				D707139923D9FFB3005832C0 /* ViewConfigurable.swift in Sources */,
				D707136F23D9FEB1005832C0 /* SceneDelegate.swift in Sources */,
				D707139C23D9FFB3005832C0 /* UIView+Extensions.swift in Sources */,
				D707139B23D9FFB3005832C0 /* ViewController+Extensions.swift in Sources */,
			);
			runOnlyForDeploymentPostprocessing = 0;
		};
		D707137B23D9FEB4005832C0 /* Sources */ = {
			isa = PBXSourcesBuildPhase;
			buildActionMask = 2147483647;
			files = (
				D707138423D9FEB4005832C0 /* ShoppingListTests.swift in Sources */,
			);
			runOnlyForDeploymentPostprocessing = 0;
		};
/* End PBXSourcesBuildPhase section */

/* Begin PBXTargetDependency section */
		D707138123D9FEB4005832C0 /* PBXTargetDependency */ = {
			isa = PBXTargetDependency;
			target = D707136823D9FEB1005832C0 /* ShoppingList */;
			targetProxy = D707138023D9FEB4005832C0 /* PBXContainerItemProxy */;
		};
/* End PBXTargetDependency section */

/* Begin PBXVariantGroup section */
		D707137723D9FEB4005832C0 /* LaunchScreen.storyboard */ = {
			isa = PBXVariantGroup;
			children = (
				D707137823D9FEB4005832C0 /* Base */,
			);
			name = LaunchScreen.storyboard;
			sourceTree = "<group>";
		};
/* End PBXVariantGroup section */

/* Begin XCBuildConfiguration section */
		D707138623D9FEB4005832C0 /* Debug */ = {
			isa = XCBuildConfiguration;
			buildSettings = {
				ALWAYS_SEARCH_USER_PATHS = NO;
				CLANG_ANALYZER_NONNULL = YES;
				CLANG_ANALYZER_NUMBER_OBJECT_CONVERSION = YES_AGGRESSIVE;
				CLANG_CXX_LANGUAGE_STANDARD = "gnu++14";
				CLANG_CXX_LIBRARY = "libc++";
				CLANG_ENABLE_MODULES = YES;
				CLANG_ENABLE_OBJC_ARC = YES;
				CLANG_ENABLE_OBJC_WEAK = YES;
				CLANG_WARN_BLOCK_CAPTURE_AUTORELEASING = YES;
				CLANG_WARN_BOOL_CONVERSION = YES;
				CLANG_WARN_COMMA = YES;
				CLANG_WARN_CONSTANT_CONVERSION = YES;
				CLANG_WARN_DEPRECATED_OBJC_IMPLEMENTATIONS = YES;
				CLANG_WARN_DIRECT_OBJC_ISA_USAGE = YES_ERROR;
				CLANG_WARN_DOCUMENTATION_COMMENTS = YES;
				CLANG_WARN_EMPTY_BODY = YES;
				CLANG_WARN_ENUM_CONVERSION = YES;
				CLANG_WARN_INFINITE_RECURSION = YES;
				CLANG_WARN_INT_CONVERSION = YES;
				CLANG_WARN_NON_LITERAL_NULL_CONVERSION = YES;
				CLANG_WARN_OBJC_IMPLICIT_RETAIN_SELF = YES;
				CLANG_WARN_OBJC_LITERAL_CONVERSION = YES;
				CLANG_WARN_OBJC_ROOT_CLASS = YES_ERROR;
				CLANG_WARN_RANGE_LOOP_ANALYSIS = YES;
				CLANG_WARN_STRICT_PROTOTYPES = YES;
				CLANG_WARN_SUSPICIOUS_MOVE = YES;
				CLANG_WARN_UNGUARDED_AVAILABILITY = YES_AGGRESSIVE;
				CLANG_WARN_UNREACHABLE_CODE = YES;
				CLANG_WARN__DUPLICATE_METHOD_MATCH = YES;
				COPY_PHASE_STRIP = NO;
				DEBUG_INFORMATION_FORMAT = dwarf;
				ENABLE_STRICT_OBJC_MSGSEND = YES;
				ENABLE_TESTABILITY = YES;
				GCC_C_LANGUAGE_STANDARD = gnu11;
				GCC_DYNAMIC_NO_PIC = NO;
				GCC_NO_COMMON_BLOCKS = YES;
				GCC_OPTIMIZATION_LEVEL = 0;
				GCC_PREPROCESSOR_DEFINITIONS = (
					"DEBUG=1",
					"$(inherited)",
				);
				GCC_WARN_64_TO_32_BIT_CONVERSION = YES;
				GCC_WARN_ABOUT_RETURN_TYPE = YES_ERROR;
				GCC_WARN_UNDECLARED_SELECTOR = YES;
				GCC_WARN_UNINITIALIZED_AUTOS = YES_AGGRESSIVE;
				GCC_WARN_UNUSED_FUNCTION = YES;
				GCC_WARN_UNUSED_VARIABLE = YES;
				IPHONEOS_DEPLOYMENT_TARGET = 13.2;
				MTL_ENABLE_DEBUG_INFO = INCLUDE_SOURCE;
				MTL_FAST_MATH = YES;
				ONLY_ACTIVE_ARCH = YES;
				SDKROOT = iphoneos;
				SWIFT_ACTIVE_COMPILATION_CONDITIONS = DEBUG;
				SWIFT_OPTIMIZATION_LEVEL = "-Onone";
			};
			name = Debug;
		};
		D707138723D9FEB4005832C0 /* Release */ = {
			isa = XCBuildConfiguration;
			buildSettings = {
				ALWAYS_SEARCH_USER_PATHS = NO;
				CLANG_ANALYZER_NONNULL = YES;
				CLANG_ANALYZER_NUMBER_OBJECT_CONVERSION = YES_AGGRESSIVE;
				CLANG_CXX_LANGUAGE_STANDARD = "gnu++14";
				CLANG_CXX_LIBRARY = "libc++";
				CLANG_ENABLE_MODULES = YES;
				CLANG_ENABLE_OBJC_ARC = YES;
				CLANG_ENABLE_OBJC_WEAK = YES;
				CLANG_WARN_BLOCK_CAPTURE_AUTORELEASING = YES;
				CLANG_WARN_BOOL_CONVERSION = YES;
				CLANG_WARN_COMMA = YES;
				CLANG_WARN_CONSTANT_CONVERSION = YES;
				CLANG_WARN_DEPRECATED_OBJC_IMPLEMENTATIONS = YES;
				CLANG_WARN_DIRECT_OBJC_ISA_USAGE = YES_ERROR;
				CLANG_WARN_DOCUMENTATION_COMMENTS = YES;
				CLANG_WARN_EMPTY_BODY = YES;
				CLANG_WARN_ENUM_CONVERSION = YES;
				CLANG_WARN_INFINITE_RECURSION = YES;
				CLANG_WARN_INT_CONVERSION = YES;
				CLANG_WARN_NON_LITERAL_NULL_CONVERSION = YES;
				CLANG_WARN_OBJC_IMPLICIT_RETAIN_SELF = YES;
				CLANG_WARN_OBJC_LITERAL_CONVERSION = YES;
				CLANG_WARN_OBJC_ROOT_CLASS = YES_ERROR;
				CLANG_WARN_RANGE_LOOP_ANALYSIS = YES;
				CLANG_WARN_STRICT_PROTOTYPES = YES;
				CLANG_WARN_SUSPICIOUS_MOVE = YES;
				CLANG_WARN_UNGUARDED_AVAILABILITY = YES_AGGRESSIVE;
				CLANG_WARN_UNREACHABLE_CODE = YES;
				CLANG_WARN__DUPLICATE_METHOD_MATCH = YES;
				COPY_PHASE_STRIP = NO;
				DEBUG_INFORMATION_FORMAT = "dwarf-with-dsym";
				ENABLE_NS_ASSERTIONS = NO;
				ENABLE_STRICT_OBJC_MSGSEND = YES;
				GCC_C_LANGUAGE_STANDARD = gnu11;
				GCC_NO_COMMON_BLOCKS = YES;
				GCC_WARN_64_TO_32_BIT_CONVERSION = YES;
				GCC_WARN_ABOUT_RETURN_TYPE = YES_ERROR;
				GCC_WARN_UNDECLARED_SELECTOR = YES;
				GCC_WARN_UNINITIALIZED_AUTOS = YES_AGGRESSIVE;
				GCC_WARN_UNUSED_FUNCTION = YES;
				GCC_WARN_UNUSED_VARIABLE = YES;
				IPHONEOS_DEPLOYMENT_TARGET = 13.2;
				MTL_ENABLE_DEBUG_INFO = NO;
				MTL_FAST_MATH = YES;
				SDKROOT = iphoneos;
				SWIFT_COMPILATION_MODE = wholemodule;
				SWIFT_OPTIMIZATION_LEVEL = "-O";
				VALIDATE_PRODUCT = YES;
			};
			name = Release;
		};
		D707138923D9FEB4005832C0 /* Debug */ = {
			isa = XCBuildConfiguration;
			buildSettings = {
				ASSETCATALOG_COMPILER_APPICON_NAME = AppIcon;
				CODE_SIGN_STYLE = Automatic;
				DEVELOPMENT_TEAM = N32T25WC4R;
				INFOPLIST_FILE = ShoppingList/Info.plist;
				LD_RUNPATH_SEARCH_PATHS = (
					"$(inherited)",
					"@executable_path/Frameworks",
				);
				PRODUCT_BUNDLE_IDENTIFIER = szymon.szysz.ShoppingList;
				PRODUCT_NAME = "$(TARGET_NAME)";
				SWIFT_VERSION = 5.0;
				TARGETED_DEVICE_FAMILY = "1,2";
			};
			name = Debug;
		};
		D707138A23D9FEB4005832C0 /* Release */ = {
			isa = XCBuildConfiguration;
			buildSettings = {
				ASSETCATALOG_COMPILER_APPICON_NAME = AppIcon;
				CODE_SIGN_STYLE = Automatic;
				DEVELOPMENT_TEAM = N32T25WC4R;
				INFOPLIST_FILE = ShoppingList/Info.plist;
				LD_RUNPATH_SEARCH_PATHS = (
					"$(inherited)",
					"@executable_path/Frameworks",
				);
				PRODUCT_BUNDLE_IDENTIFIER = szymon.szysz.ShoppingList;
				PRODUCT_NAME = "$(TARGET_NAME)";
				SWIFT_VERSION = 5.0;
				TARGETED_DEVICE_FAMILY = "1,2";
			};
			name = Release;
		};
		D707138C23D9FEB4005832C0 /* Debug */ = {
			isa = XCBuildConfiguration;
			buildSettings = {
				ALWAYS_EMBED_SWIFT_STANDARD_LIBRARIES = YES;
				BUNDLE_LOADER = "$(TEST_HOST)";
				CODE_SIGN_STYLE = Automatic;
				DEVELOPMENT_TEAM = N32T25WC4R;
				INFOPLIST_FILE = ShoppingListTests/Info.plist;
				IPHONEOS_DEPLOYMENT_TARGET = 13.2;
				LD_RUNPATH_SEARCH_PATHS = (
					"$(inherited)",
					"@executable_path/Frameworks",
					"@loader_path/Frameworks",
				);
				PRODUCT_BUNDLE_IDENTIFIER = szymon.szysz.ShoppingListTests;
				PRODUCT_NAME = "$(TARGET_NAME)";
				SWIFT_VERSION = 5.0;
				TARGETED_DEVICE_FAMILY = "1,2";
				TEST_HOST = "$(BUILT_PRODUCTS_DIR)/ShoppingList.app/ShoppingList";
			};
			name = Debug;
		};
		D707138D23D9FEB4005832C0 /* Release */ = {
			isa = XCBuildConfiguration;
			buildSettings = {
				ALWAYS_EMBED_SWIFT_STANDARD_LIBRARIES = YES;
				BUNDLE_LOADER = "$(TEST_HOST)";
				CODE_SIGN_STYLE = Automatic;
				DEVELOPMENT_TEAM = N32T25WC4R;
				INFOPLIST_FILE = ShoppingListTests/Info.plist;
				IPHONEOS_DEPLOYMENT_TARGET = 13.2;
				LD_RUNPATH_SEARCH_PATHS = (
					"$(inherited)",
					"@executable_path/Frameworks",
					"@loader_path/Frameworks",
				);
				PRODUCT_BUNDLE_IDENTIFIER = szymon.szysz.ShoppingListTests;
				PRODUCT_NAME = "$(TARGET_NAME)";
				SWIFT_VERSION = 5.0;
				TARGETED_DEVICE_FAMILY = "1,2";
				TEST_HOST = "$(BUILT_PRODUCTS_DIR)/ShoppingList.app/ShoppingList";
			};
			name = Release;
		};
/* End XCBuildConfiguration section */

/* Begin XCConfigurationList section */
		D707136423D9FEB1005832C0 /* Build configuration list for PBXProject "ShoppingList" */ = {
			isa = XCConfigurationList;
			buildConfigurations = (
				D707138623D9FEB4005832C0 /* Debug */,
				D707138723D9FEB4005832C0 /* Release */,
			);
			defaultConfigurationIsVisible = 0;
			defaultConfigurationName = Release;
		};
		D707138823D9FEB4005832C0 /* Build configuration list for PBXNativeTarget "ShoppingList" */ = {
			isa = XCConfigurationList;
			buildConfigurations = (
				D707138923D9FEB4005832C0 /* Debug */,
				D707138A23D9FEB4005832C0 /* Release */,
			);
			defaultConfigurationIsVisible = 0;
			defaultConfigurationName = Release;
		};
		D707138B23D9FEB4005832C0 /* Build configuration list for PBXNativeTarget "ShoppingListTests" */ = {
			isa = XCConfigurationList;
			buildConfigurations = (
				D707138C23D9FEB4005832C0 /* Debug */,
				D707138D23D9FEB4005832C0 /* Release */,
			);
			defaultConfigurationIsVisible = 0;
			defaultConfigurationName = Release;
		};
/* End XCConfigurationList section */
	};
	rootObject = D707136123D9FEB1005832C0 /* Project object */;
}
