// !$*UTF8*$!
{
	archiveVersion = 1;
	classes = {
	};
	objectVersion = 50;
	objects = {

/* Begin PBXBuildFile section */
		D707136D23D9FEB1005832C0 /* AppDelegate.swift in Sources */ = {isa = PBXBuildFile; fileRef = D707136C23D9FEB1005832C0 /* AppDelegate.swift */; };
		D707136F23D9FEB1005832C0 /* SceneDelegate.swift in Sources */ = {isa = PBXBuildFile; fileRef = D707136E23D9FEB1005832C0 /* SceneDelegate.swift */; };
		D707137123D9FEB1005832C0 /* ShoppingListViewController.swift in Sources */ = {isa = PBXBuildFile; fileRef = D707137023D9FEB1005832C0 /* ShoppingListViewController.swift */; };
		D707137623D9FEB4005832C0 /* Assets.xcassets in Resources */ = {isa = PBXBuildFile; fileRef = D707137523D9FEB4005832C0 /* Assets.xcassets */; };
		D707137923D9FEB4005832C0 /* LaunchScreen.storyboard in Resources */ = {isa = PBXBuildFile; fileRef = D707137723D9FEB4005832C0 /* LaunchScreen.storyboard */; };
		D707139823D9FFB3005832C0 /* Extension+Double.swift in Sources */ = {isa = PBXBuildFile; fileRef = D707139023D9FFB2005832C0 /* Extension+Double.swift */; };
		D707139923D9FFB3005832C0 /* ViewConfigurable.swift in Sources */ = {isa = PBXBuildFile; fileRef = D707139123D9FFB2005832C0 /* ViewConfigurable.swift */; };
		D707139A23D9FFB3005832C0 /* HTTPClient.swift in Sources */ = {isa = PBXBuildFile; fileRef = D707139223D9FFB2005832C0 /* HTTPClient.swift */; };
		D707139B23D9FFB3005832C0 /* ViewController+Extensions.swift in Sources */ = {isa = PBXBuildFile; fileRef = D707139323D9FFB3005832C0 /* ViewController+Extensions.swift */; };
		D707139C23D9FFB3005832C0 /* UIView+Extensions.swift in Sources */ = {isa = PBXBuildFile; fileRef = D707139423D9FFB3005832C0 /* UIView+Extensions.swift */; };
		D707139D23D9FFB3005832C0 /* ReuseIdentifying.swift in Sources */ = {isa = PBXBuildFile; fileRef = D707139523D9FFB3005832C0 /* ReuseIdentifying.swift */; };
		D707139E23D9FFB3005832C0 /* GetEndpoint.swift in Sources */ = {isa = PBXBuildFile; fileRef = D707139623D9FFB3005832C0 /* GetEndpoint.swift */; };
		D707139F23D9FFB3005832C0 /* LayoutInsets.swift in Sources */ = {isa = PBXBuildFile; fileRef = D707139723D9FFB3005832C0 /* LayoutInsets.swift */; };
		D70713A723DA00DC005832C0 /* ShoppingListModel.swift in Sources */ = {isa = PBXBuildFile; fileRef = D70713A623DA00DC005832C0 /* ShoppingListModel.swift */; };
		D70713B023DA00E9005832C0 /* ShoppingListView.swift in Sources */ = {isa = PBXBuildFile; fileRef = D70713AA23DA00E8005832C0 /* ShoppingListView.swift */; };
		D70713B123DA00E9005832C0 /* ProductTableViewCell.swift in Sources */ = {isa = PBXBuildFile; fileRef = D70713AB23DA00E8005832C0 /* ProductTableViewCell.swift */; };
		D70713B223DA00E9005832C0 /* SumupView.swift in Sources */ = {isa = PBXBuildFile; fileRef = D70713AC23DA00E8005832C0 /* SumupView.swift */; };
		D70713B923DA0100005832C0 /* ProductTableViewCellViewModel.swift in Sources */ = {isa = PBXBuildFile; fileRef = D70713B623DA0100005832C0 /* ProductTableViewCellViewModel.swift */; };
		D70713BA23DA0100005832C0 /* ShoppingListViewModel.swift in Sources */ = {isa = PBXBuildFile; fileRef = D70713B723DA0100005832C0 /* ShoppingListViewModel.swift */; };
		D70713BB23DA0100005832C0 /* SumUpViewModel.swift in Sources */ = {isa = PBXBuildFile; fileRef = D70713B823DA0100005832C0 /* SumUpViewModel.swift */; };
		D70713CC23DA0127005832C0 /* ExchangeRateViewModel.swift in Sources */ = {isa = PBXBuildFile; fileRef = D70713BF23DA0127005832C0 /* ExchangeRateViewModel.swift */; };
		D70713CD23DA0127005832C0 /* ExchnageRateViewTableViewCellViewModel.swift in Sources */ = {isa = PBXBuildFile; fileRef = D70713C023DA0127005832C0 /* ExchnageRateViewTableViewCellViewModel.swift */; };
		D70713CE23DA0127005832C0 /* ExchangeRateWebService.swift in Sources */ = {isa = PBXBuildFile; fileRef = D70713C223DA0127005832C0 /* ExchangeRateWebService.swift */; };
		D70713CF23DA0127005832C0 /* ExchangeRateManager.swift in Sources */ = {isa = PBXBuildFile; fileRef = D70713C423DA0127005832C0 /* ExchangeRateManager.swift */; };
		D70713D023DA0127005832C0 /* ExchangeRateModel.swift in Sources */ = {isa = PBXBuildFile; fileRef = D70713C623DA0127005832C0 /* ExchangeRateModel.swift */; };
		D70713D123DA0127005832C0 /* ExchnageRateViewTableViewCell.swift in Sources */ = {isa = PBXBuildFile; fileRef = D70713C823DA0127005832C0 /* ExchnageRateViewTableViewCell.swift */; };
		D70713D223DA0127005832C0 /* ExchnageRateView.swift in Sources */ = {isa = PBXBuildFile; fileRef = D70713C923DA0127005832C0 /* ExchnageRateView.swift */; };
		D70713D323DA0127005832C0 /* ExchnageRateViewController.swift in Sources */ = {isa = PBXBuildFile; fileRef = D70713CB23DA0127005832C0 /* ExchnageRateViewController.swift */; };
		D70713DB23DA015B005832C0 /* ProductTableViewCellViewModelTest.swift in Sources */ = {isa = PBXBuildFile; fileRef = D70713D423DA015A005832C0 /* ProductTableViewCellViewModelTest.swift */; };
		D70713DC23DA015B005832C0 /* ExchnageRateViewTableViewCellViewModelTest.swift in Sources */ = {isa = PBXBuildFile; fileRef = D70713D523DA015A005832C0 /* ExchnageRateViewTableViewCellViewModelTest.swift */; };
		D70713DD23DA015B005832C0 /* ExchangeRateMangerTest.swift in Sources */ = {isa = PBXBuildFile; fileRef = D70713D623DA015A005832C0 /* ExchangeRateMangerTest.swift */; };
		D70713DE23DA015B005832C0 /* ShoppingListViewModelTests.swift in Sources */ = {isa = PBXBuildFile; fileRef = D70713D723DA015A005832C0 /* ShoppingListViewModelTests.swift */; };
		D70713DF23DA015B005832C0 /* HTTPClientTest.swift in Sources */ = {isa = PBXBuildFile; fileRef = D70713D823DA015A005832C0 /* HTTPClientTest.swift */; };
		D70713E023DA015B005832C0 /* SumUpViewModelTest.swift in Sources */ = {isa = PBXBuildFile; fileRef = D70713D923DA015A005832C0 /* SumUpViewModelTest.swift */; };
		D70713E123DA015B005832C0 /* ExchangeRateViewModelTest.swift in Sources */ = {isa = PBXBuildFile; fileRef = D70713DA23DA015B005832C0 /* ExchangeRateViewModelTest.swift */; };
		D70713E723DA03E3005832C0 /* Default-568h@2x.png in Resources */ = {isa = PBXBuildFile; fileRef = D70713E623DA03E3005832C0 /* Default-568h@2x.png */; };
		D70713E923DA05A9005832C0 /* RatesModel.swift in Sources */ = {isa = PBXBuildFile; fileRef = D70713E823DA05A9005832C0 /* RatesModel.swift */; };
/* End PBXBuildFile section */

/* Begin PBXContainerItemProxy section */
		D707138023D9FEB4005832C0 /* PBXContainerItemProxy */ = {
			isa = PBXContainerItemProxy;
			containerPortal = D707136123D9FEB1005832C0 /* Project object */;
			proxyType = 1;
			remoteGlobalIDString = D707136823D9FEB1005832C0;
			remoteInfo = ShoppingList;
		};
/* End PBXContainerItemProxy section */

/* Begin PBXFileReference section */
		D707136923D9FEB1005832C0 /* ShoppingList.app */ = {isa = PBXFileReference; explicitFileType = wrapper.application; includeInIndex = 0; path = ShoppingList.app; sourceTree = BUILT_PRODUCTS_DIR; };
		D707136C23D9FEB1005832C0 /* AppDelegate.swift */ = {isa = PBXFileReference; lastKnownFileType = sourcecode.swift; path = AppDelegate.swift; sourceTree = "<group>"; };
		D707136E23D9FEB1005832C0 /* SceneDelegate.swift */ = {isa = PBXFileReference; lastKnownFileType = sourcecode.swift; path = SceneDelegate.swift; sourceTree = "<group>"; };
		D707137023D9FEB1005832C0 /* ShoppingListViewController.swift */ = {isa = PBXFileReference; lastKnownFileType = sourcecode.swift; path = ShoppingListViewController.swift; sourceTree = "<group>"; };
		D707137523D9FEB4005832C0 /* Assets.xcassets */ = {isa = PBXFileReference; lastKnownFileType = folder.assetcatalog; path = Assets.xcassets; sourceTree = "<group>"; };
		D707137823D9FEB4005832C0 /* Base */ = {isa = PBXFileReference; lastKnownFileType = file.storyboard; name = Base; path = Base.lproj/LaunchScreen.storyboard; sourceTree = "<group>"; };
		D707137A23D9FEB4005832C0 /* Info.plist */ = {isa = PBXFileReference; lastKnownFileType = text.plist.xml; path = Info.plist; sourceTree = "<group>"; };
		D707137F23D9FEB4005832C0 /* ShoppingListTests.xctest */ = {isa = PBXFileReference; explicitFileType = wrapper.cfbundle; includeInIndex = 0; path = ShoppingListTests.xctest; sourceTree = BUILT_PRODUCTS_DIR; };
		D707138523D9FEB4005832C0 /* Info.plist */ = {isa = PBXFileReference; lastKnownFileType = text.plist.xml; path = Info.plist; sourceTree = "<group>"; };
		D707139023D9FFB2005832C0 /* Extension+Double.swift */ = {isa = PBXFileReference; fileEncoding = 4; lastKnownFileType = sourcecode.swift; path = "Extension+Double.swift"; sourceTree = "<group>"; };
		D707139123D9FFB2005832C0 /* ViewConfigurable.swift */ = {isa = PBXFileReference; fileEncoding = 4; lastKnownFileType = sourcecode.swift; path = ViewConfigurable.swift; sourceTree = "<group>"; };
		D707139223D9FFB2005832C0 /* HTTPClient.swift */ = {isa = PBXFileReference; fileEncoding = 4; lastKnownFileType = sourcecode.swift; path = HTTPClient.swift; sourceTree = "<group>"; };
		D707139323D9FFB3005832C0 /* ViewController+Extensions.swift */ = {isa = PBXFileReference; fileEncoding = 4; lastKnownFileType = sourcecode.swift; path = "ViewController+Extensions.swift"; sourceTree = "<group>"; };
		D707139423D9FFB3005832C0 /* UIView+Extensions.swift */ = {isa = PBXFileReference; fileEncoding = 4; lastKnownFileType = sourcecode.swift; path = "UIView+Extensions.swift"; sourceTree = "<group>"; };
		D707139523D9FFB3005832C0 /* ReuseIdentifying.swift */ = {isa = PBXFileReference; fileEncoding = 4; lastKnownFileType = sourcecode.swift; path = ReuseIdentifying.swift; sourceTree = "<group>"; };
		D707139623D9FFB3005832C0 /* GetEndpoint.swift */ = {isa = PBXFileReference; fileEncoding = 4; lastKnownFileType = sourcecode.swift; path = GetEndpoint.swift; sourceTree = "<group>"; };
		D707139723D9FFB3005832C0 /* LayoutInsets.swift */ = {isa = PBXFileReference; fileEncoding = 4; lastKnownFileType = sourcecode.swift; path = LayoutInsets.swift; sourceTree = "<group>"; };
		D70713A623DA00DC005832C0 /* ShoppingListModel.swift */ = {isa = PBXFileReference; fileEncoding = 4; lastKnownFileType = sourcecode.swift; path = ShoppingListModel.swift; sourceTree = "<group>"; };
		D70713AA23DA00E8005832C0 /* ShoppingListView.swift */ = {isa = PBXFileReference; fileEncoding = 4; lastKnownFileType = sourcecode.swift; path = ShoppingListView.swift; sourceTree = "<group>"; };
		D70713AB23DA00E8005832C0 /* ProductTableViewCell.swift */ = {isa = PBXFileReference; fileEncoding = 4; lastKnownFileType = sourcecode.swift; path = ProductTableViewCell.swift; sourceTree = "<group>"; };
		D70713AC23DA00E8005832C0 /* SumupView.swift */ = {isa = PBXFileReference; fileEncoding = 4; lastKnownFileType = sourcecode.swift; path = SumupView.swift; sourceTree = "<group>"; };
		D70713B623DA0100005832C0 /* ProductTableViewCellViewModel.swift */ = {isa = PBXFileReference; fileEncoding = 4; lastKnownFileType = sourcecode.swift; path = ProductTableViewCellViewModel.swift; sourceTree = "<group>"; };
		D70713B723DA0100005832C0 /* ShoppingListViewModel.swift */ = {isa = PBXFileReference; fileEncoding = 4; lastKnownFileType = sourcecode.swift; path = ShoppingListViewModel.swift; sourceTree = "<group>"; };
		D70713B823DA0100005832C0 /* SumUpViewModel.swift */ = {isa = PBXFileReference; fileEncoding = 4; lastKnownFileType = sourcecode.swift; path = SumUpViewModel.swift; sourceTree = "<group>"; };
		D70713BF23DA0127005832C0 /* ExchangeRateViewModel.swift */ = {isa = PBXFileReference; fileEncoding = 4; lastKnownFileType = sourcecode.swift; path = ExchangeRateViewModel.swift; sourceTree = "<group>"; };
		D70713C023DA0127005832C0 /* ExchnageRateViewTableViewCellViewModel.swift */ = {isa = PBXFileReference; fileEncoding = 4; lastKnownFileType = sourcecode.swift; path = ExchnageRateViewTableViewCellViewModel.swift; sourceTree = "<group>"; };
		D70713C223DA0127005832C0 /* ExchangeRateWebService.swift */ = {isa = PBXFileReference; fileEncoding = 4; lastKnownFileType = sourcecode.swift; path = ExchangeRateWebService.swift; sourceTree = "<group>"; };
		D70713C423DA0127005832C0 /* ExchangeRateManager.swift */ = {isa = PBXFileReference; fileEncoding = 4; lastKnownFileType = sourcecode.swift; path = ExchangeRateManager.swift; sourceTree = "<group>"; };
		D70713C623DA0127005832C0 /* ExchangeRateModel.swift */ = {isa = PBXFileReference; fileEncoding = 4; lastKnownFileType = sourcecode.swift; path = ExchangeRateModel.swift; sourceTree = "<group>"; };
		D70713C823DA0127005832C0 /* ExchnageRateViewTableViewCell.swift */ = {isa = PBXFileReference; fileEncoding = 4; lastKnownFileType = sourcecode.swift; path = ExchnageRateViewTableViewCell.swift; sourceTree = "<group>"; };
		D70713C923DA0127005832C0 /* ExchnageRateView.swift */ = {isa = PBXFileReference; fileEncoding = 4; lastKnownFileType = sourcecode.swift; path = ExchnageRateView.swift; sourceTree = "<group>"; };
		D70713CB23DA0127005832C0 /* ExchnageRateViewController.swift */ = {isa = PBXFileReference; fileEncoding = 4; lastKnownFileType = sourcecode.swift; path = ExchnageRateViewController.swift; sourceTree = "<group>"; };
		D70713D423DA015A005832C0 /* ProductTableViewCellViewModelTest.swift */ = {isa = PBXFileReference; fileEncoding = 4; lastKnownFileType = sourcecode.swift; path = ProductTableViewCellViewModelTest.swift; sourceTree = "<group>"; };
		D70713D523DA015A005832C0 /* ExchnageRateViewTableViewCellViewModelTest.swift */ = {isa = PBXFileReference; fileEncoding = 4; lastKnownFileType = sourcecode.swift; path = ExchnageRateViewTableViewCellViewModelTest.swift; sourceTree = "<group>"; };
		D70713D623DA015A005832C0 /* ExchangeRateMangerTest.swift */ = {isa = PBXFileReference; fileEncoding = 4; lastKnownFileType = sourcecode.swift; path = ExchangeRateMangerTest.swift; sourceTree = "<group>"; };
		D70713D723DA015A005832C0 /* ShoppingListViewModelTests.swift */ = {isa = PBXFileReference; fileEncoding = 4; lastKnownFileType = sourcecode.swift; path = ShoppingListViewModelTests.swift; sourceTree = "<group>"; };
		D70713D823DA015A005832C0 /* HTTPClientTest.swift */ = {isa = PBXFileReference; fileEncoding = 4; lastKnownFileType = sourcecode.swift; path = HTTPClientTest.swift; sourceTree = "<group>"; };
		D70713D923DA015A005832C0 /* SumUpViewModelTest.swift */ = {isa = PBXFileReference; fileEncoding = 4; lastKnownFileType = sourcecode.swift; path = SumUpViewModelTest.swift; sourceTree = "<group>"; };
		D70713DA23DA015B005832C0 /* ExchangeRateViewModelTest.swift */ = {isa = PBXFileReference; fileEncoding = 4; lastKnownFileType = sourcecode.swift; path = ExchangeRateViewModelTest.swift; sourceTree = "<group>"; };
		D70713E623DA03E3005832C0 /* Default-568h@2x.png */ = {isa = PBXFileReference; lastKnownFileType = image.png; path = "Default-568h@2x.png"; sourceTree = "<group>"; };
		D70713E823DA05A9005832C0 /* RatesModel.swift */ = {isa = PBXFileReference; lastKnownFileType = sourcecode.swift; path = RatesModel.swift; sourceTree = "<group>"; };
/* End PBXFileReference section */

/* Begin PBXFrameworksBuildPhase section */
		D707136623D9FEB1005832C0 /* Frameworks */ = {
			isa = PBXFrameworksBuildPhase;
			buildActionMask = 2147483647;
			files = (
			);
			runOnlyForDeploymentPostprocessing = 0;
		};
		D707137C23D9FEB4005832C0 /* Frameworks */ = {
			isa = PBXFrameworksBuildPhase;
			buildActionMask = 2147483647;
			files = (
			);
			runOnlyForDeploymentPostprocessing = 0;
		};
/* End PBXFrameworksBuildPhase section */

/* Begin PBXGroup section */
		D707136023D9FEB1005832C0 = {
			isa = PBXGroup;
			children = (
				D707136B23D9FEB1005832C0 /* ShoppingList */,
				D707138223D9FEB4005832C0 /* ShoppingListTests */,
				D707136A23D9FEB1005832C0 /* Products */,
			);
			sourceTree = "<group>";
		};
		D707136A23D9FEB1005832C0 /* Products */ = {
			isa = PBXGroup;
			children = (
				D707136923D9FEB1005832C0 /* ShoppingList.app */,
				D707137F23D9FEB4005832C0 /* ShoppingListTests.xctest */,
			);
			name = Products;
			sourceTree = "<group>";
		};
		D707136B23D9FEB1005832C0 /* ShoppingList */ = {
			isa = PBXGroup;
			children = (
				D70713A023D9FFE1005832C0 /* AppDelegate */,
				D70713A123DA006C005832C0 /* Feature */,
				D707138F23D9FF85005832C0 /* Utilities */,
				D70713E223DA02F0005832C0 /* Storyboard */,
				D70713E323DA0392005832C0 /* Resource */,
				D707137A23D9FEB4005832C0 /* Info.plist */,
			);
			path = ShoppingList;
			sourceTree = "<group>";
		};
		D707138223D9FEB4005832C0 /* ShoppingListTests */ = {
			isa = PBXGroup;
			children = (
				D70713D623DA015A005832C0 /* ExchangeRateMangerTest.swift */,
				D70713DA23DA015B005832C0 /* ExchangeRateViewModelTest.swift */,
				D70713D523DA015A005832C0 /* ExchnageRateViewTableViewCellViewModelTest.swift */,
				D70713D823DA015A005832C0 /* HTTPClientTest.swift */,
				D70713D423DA015A005832C0 /* ProductTableViewCellViewModelTest.swift */,
				D70713D723DA015A005832C0 /* ShoppingListViewModelTests.swift */,
				D70713D923DA015A005832C0 /* SumUpViewModelTest.swift */,
				D707138523D9FEB4005832C0 /* Info.plist */,
			);
			path = ShoppingListTests;
			sourceTree = "<group>";
		};
		D707138F23D9FF85005832C0 /* Utilities */ = {
			isa = PBXGroup;
			children = (
				D707139023D9FFB2005832C0 /* Extension+Double.swift */,
				D707139623D9FFB3005832C0 /* GetEndpoint.swift */,
				D707139223D9FFB2005832C0 /* HTTPClient.swift */,
				D707139723D9FFB3005832C0 /* LayoutInsets.swift */,
				D707139523D9FFB3005832C0 /* ReuseIdentifying.swift */,
				D707139423D9FFB3005832C0 /* UIView+Extensions.swift */,
				D707139123D9FFB2005832C0 /* ViewConfigurable.swift */,
				D707139323D9FFB3005832C0 /* ViewController+Extensions.swift */,
			);
			path = Utilities;
			sourceTree = "<group>";
		};
		D70713A023D9FFE1005832C0 /* AppDelegate */ = {
			isa = PBXGroup;
			children = (
				D707136C23D9FEB1005832C0 /* AppDelegate.swift */,
				D707136E23D9FEB1005832C0 /* SceneDelegate.swift */,
			);
			path = AppDelegate;
			sourceTree = "<group>";
		};
		D70713A123DA006C005832C0 /* Feature */ = {
			isa = PBXGroup;
			children = (
				D70713BC23DA0109005832C0 /* Shopping List */,
				D70713BD23DA0127005832C0 /* Exchange Rate */,
			);
			path = Feature;
			sourceTree = "<group>";
		};
		D70713A223DA0094005832C0 /* View Controller */ = {
			isa = PBXGroup;
			children = (
				D707137023D9FEB1005832C0 /* ShoppingListViewController.swift */,
			);
			path = "View Controller";
			sourceTree = "<group>";
		};
		D70713A523DA00DC005832C0 /* Model */ = {
			isa = PBXGroup;
			children = (
				D70713A623DA00DC005832C0 /* ShoppingListModel.swift */,
			);
			path = Model;
			sourceTree = "<group>";
		};
		D70713A923DA00E8005832C0 /* View */ = {
			isa = PBXGroup;
			children = (
				D70713AA23DA00E8005832C0 /* ShoppingListView.swift */,
				D70713AB23DA00E8005832C0 /* ProductTableViewCell.swift */,
				D70713AC23DA00E8005832C0 /* SumupView.swift */,
			);
			path = View;
			sourceTree = "<group>";
		};
		D70713B523DA0100005832C0 /* ViewModel */ = {
			isa = PBXGroup;
			children = (
				D70713B623DA0100005832C0 /* ProductTableViewCellViewModel.swift */,
				D70713B723DA0100005832C0 /* ShoppingListViewModel.swift */,
				D70713B823DA0100005832C0 /* SumUpViewModel.swift */,
			);
			path = ViewModel;
			sourceTree = "<group>";
		};
		D70713BC23DA0109005832C0 /* Shopping List */ = {
			isa = PBXGroup;
			children = (
				D70713A223DA0094005832C0 /* View Controller */,
				D70713B523DA0100005832C0 /* ViewModel */,
				D70713A923DA00E8005832C0 /* View */,
				D70713A523DA00DC005832C0 /* Model */,
			);
			path = "Shopping List";
			sourceTree = "<group>";
		};
		D70713BD23DA0127005832C0 /* Exchange Rate */ = {
			isa = PBXGroup;
			children = (
				D70713C123DA0127005832C0 /* WebService */,
				D70713C323DA0127005832C0 /* Manager */,
				D70713CA23DA0127005832C0 /* View Controller */,
				D70713BE23DA0127005832C0 /* ViewModel */,
				D70713C723DA0127005832C0 /* View */,
				D70713C523DA0127005832C0 /* Model */,
			);
			path = "Exchange Rate";
			sourceTree = "<group>";
		};
		D70713BE23DA0127005832C0 /* ViewModel */ = {
			isa = PBXGroup;
			children = (
				D70713BF23DA0127005832C0 /* ExchangeRateViewModel.swift */,
				D70713C023DA0127005832C0 /* ExchnageRateViewTableViewCellViewModel.swift */,
			);
			path = ViewModel;
			sourceTree = "<group>";
		};
		D70713C123DA0127005832C0 /* WebService */ = {
			isa = PBXGroup;
			children = (
				D70713C223DA0127005832C0 /* ExchangeRateWebService.swift */,
			);
			path = WebService;
			sourceTree = "<group>";
		};
		D70713C323DA0127005832C0 /* Manager */ = {
			isa = PBXGroup;
			children = (
				D70713C423DA0127005832C0 /* ExchangeRateManager.swift */,
			);
			path = Manager;
			sourceTree = "<group>";
		};
		D70713C523DA0127005832C0 /* Model */ = {
			isa = PBXGroup;
			children = (
				D70713C623DA0127005832C0 /* ExchangeRateModel.swift */,
				D70713E823DA05A9005832C0 /* RatesModel.swift */,
			);
			path = Model;
			sourceTree = "<group>";
		};
		D70713C723DA0127005832C0 /* View */ = {
			isa = PBXGroup;
			children = (
				D70713C823DA0127005832C0 /* ExchnageRateViewTableViewCell.swift */,
				D70713C923DA0127005832C0 /* ExchnageRateView.swift */,
			);
			path = View;
			sourceTree = "<group>";
		};
		D70713CA23DA0127005832C0 /* View Controller */ = {
			isa = PBXGroup;
			children = (
				D70713CB23DA0127005832C0 /* ExchnageRateViewController.swift */,
			);
			path = "View Controller";
			sourceTree = "<group>";
		};
		D70713E223DA02F0005832C0 /* Storyboard */ = {
			isa = PBXGroup;
			children = (
				D707137723D9FEB4005832C0 /* LaunchScreen.storyboard */,
			);
			path = Storyboard;
			sourceTree = "<group>";
		};
		D70713E323DA0392005832C0 /* Resource */ = {
			isa = PBXGroup;
			children = (
				D70713E623DA03E3005832C0 /* Default-568h@2x.png */,
				D707137523D9FEB4005832C0 /* Assets.xcassets */,
			);
			path = Resource;
			sourceTree = "<group>";
		};
/* End PBXGroup section */

/* Begin PBXNativeTarget section */
		D707136823D9FEB1005832C0 /* ShoppingList */ = {
			isa = PBXNativeTarget;
			buildConfigurationList = D707138823D9FEB4005832C0 /* Build configuration list for PBXNativeTarget "ShoppingList" */;
			buildPhases = (
				D707136523D9FEB1005832C0 /* Sources */,
				D707136623D9FEB1005832C0 /* Frameworks */,
				D707136723D9FEB1005832C0 /* Resources */,
			);
			buildRules = (
			);
			dependencies = (
			);
			name = ShoppingList;
			productName = ShoppingList;
			productReference = D707136923D9FEB1005832C0 /* ShoppingList.app */;
			productType = "com.apple.product-type.application";
		};
		D707137E23D9FEB4005832C0 /* ShoppingListTests */ = {
			isa = PBXNativeTarget;
			buildConfigurationList = D707138B23D9FEB4005832C0 /* Build configuration list for PBXNativeTarget "ShoppingListTests" */;
			buildPhases = (
				D707137B23D9FEB4005832C0 /* Sources */,
				D707137C23D9FEB4005832C0 /* Frameworks */,
				D707137D23D9FEB4005832C0 /* Resources */,
			);
			buildRules = (
			);
			dependencies = (
				D707138123D9FEB4005832C0 /* PBXTargetDependency */,
			);
			name = ShoppingListTests;
			productName = ShoppingListTests;
			productReference = D707137F23D9FEB4005832C0 /* ShoppingListTests.xctest */;
			productType = "com.apple.product-type.bundle.unit-test";
		};
/* End PBXNativeTarget section */

/* Begin PBXProject section */
		D707136123D9FEB1005832C0 /* Project object */ = {
			isa = PBXProject;
			attributes = {
				LastSwiftUpdateCheck = 1120;
				LastUpgradeCheck = 1120;
				ORGANIZATIONNAME = "Szymon Szysz";
				TargetAttributes = {
					D707136823D9FEB1005832C0 = {
						CreatedOnToolsVersion = 11.2.1;
					};
					D707137E23D9FEB4005832C0 = {
						CreatedOnToolsVersion = 11.2.1;
						TestTargetID = D707136823D9FEB1005832C0;
					};
				};
			};
			buildConfigurationList = D707136423D9FEB1005832C0 /* Build configuration list for PBXProject "ShoppingList" */;
			compatibilityVersion = "Xcode 9.3";
			developmentRegion = en;
			hasScannedForEncodings = 0;
			knownRegions = (
				en,
				Base,
			);
			mainGroup = D707136023D9FEB1005832C0;
			productRefGroup = D707136A23D9FEB1005832C0 /* Products */;
			projectDirPath = "";
			projectRoot = "";
			targets = (
				D707136823D9FEB1005832C0 /* ShoppingList */,
				D707137E23D9FEB4005832C0 /* ShoppingListTests */,
			);
		};
/* End PBXProject section */

/* Begin PBXResourcesBuildPhase section */
		D707136723D9FEB1005832C0 /* Resources */ = {
			isa = PBXResourcesBuildPhase;
			buildActionMask = 2147483647;
			files = (
				D707137923D9FEB4005832C0 /* LaunchScreen.storyboard in Resources */,
				D707137623D9FEB4005832C0 /* Assets.xcassets in Resources */,
				D70713E723DA03E3005832C0 /* Default-568h@2x.png in Resources */,
			);
			runOnlyForDeploymentPostprocessing = 0;
		};
		D707137D23D9FEB4005832C0 /* Resources */ = {
			isa = PBXResourcesBuildPhase;
			buildActionMask = 2147483647;
			files = (
			);
			runOnlyForDeploymentPostprocessing = 0;
		};
/* End PBXResourcesBuildPhase section */

/* Begin PBXSourcesBuildPhase section */
		D707136523D9FEB1005832C0 /* Sources */ = {
			isa = PBXSourcesBuildPhase;
			buildActionMask = 2147483647;
			files = (
				D70713CF23DA0127005832C0 /* ExchangeRateManager.swift in Sources */,
				D707139823D9FFB3005832C0 /* Extension+Double.swift in Sources */,
				D707139E23D9FFB3005832C0 /* GetEndpoint.swift in Sources */,
				D70713B123DA00E9005832C0 /* ProductTableViewCell.swift in Sources */,
				D707139D23D9FFB3005832C0 /* ReuseIdentifying.swift in Sources */,
				D70713A723DA00DC005832C0 /* ShoppingListModel.swift in Sources */,
				D70713BB23DA0100005832C0 /* SumUpViewModel.swift in Sources */,
				D707137123D9FEB1005832C0 /* ShoppingListViewController.swift in Sources */,
				D707139A23D9FFB3005832C0 /* HTTPClient.swift in Sources */,
				D707139F23D9FFB3005832C0 /* LayoutInsets.swift in Sources */,
				D70713D323DA0127005832C0 /* ExchnageRateViewController.swift in Sources */,
				D70713D023DA0127005832C0 /* ExchangeRateModel.swift in Sources */,
				D70713D123DA0127005832C0 /* ExchnageRateViewTableViewCell.swift in Sources */,
				D707136D23D9FEB1005832C0 /* AppDelegate.swift in Sources */,
				D70713B023DA00E9005832C0 /* ShoppingListView.swift in Sources */,
				D70713E923DA05A9005832C0 /* RatesModel.swift in Sources */,
				D70713CC23DA0127005832C0 /* ExchangeRateViewModel.swift in Sources */,
				D70713CD23DA0127005832C0 /* ExchnageRateViewTableViewCellViewModel.swift in Sources */,
				D707139923D9FFB3005832C0 /* ViewConfigurable.swift in Sources */,
				D70713D223DA0127005832C0 /* ExchnageRateView.swift in Sources */,
				D707136F23D9FEB1005832C0 /* SceneDelegate.swift in Sources */,
				D707139C23D9FFB3005832C0 /* UIView+Extensions.swift in Sources */,
				D70713CE23DA0127005832C0 /* ExchangeRateWebService.swift in Sources */,
				D707139B23D9FFB3005832C0 /* ViewController+Extensions.swift in Sources */,
				D70713B923DA0100005832C0 /* ProductTableViewCellViewModel.swift in Sources */,
				D70713B223DA00E9005832C0 /* SumupView.swift in Sources */,
				D70713BA23DA0100005832C0 /* ShoppingListViewModel.swift in Sources */,
			);
			runOnlyForDeploymentPostprocessing = 0;
		};
		D707137B23D9FEB4005832C0 /* Sources */ = {
			isa = PBXSourcesBuildPhase;
			buildActionMask = 2147483647;
			files = (
				D70713DF23DA015B005832C0 /* HTTPClientTest.swift in Sources */,
				D70713DD23DA015B005832C0 /* ExchangeRateMangerTest.swift in Sources */,
				D70713DB23DA015B005832C0 /* ProductTableViewCellViewModelTest.swift in Sources */,
				D70713E023DA015B005832C0 /* SumUpViewModelTest.swift in Sources */,
				D70713E123DA015B005832C0 /* ExchangeRateViewModelTest.swift in Sources */,
				D70713DE23DA015B005832C0 /* ShoppingListViewModelTests.swift in Sources */,
				D70713DC23DA015B005832C0 /* ExchnageRateViewTableViewCellViewModelTest.swift in Sources */,
			);
			runOnlyForDeploymentPostprocessing = 0;
		};
/* End PBXSourcesBuildPhase section */

/* Begin PBXTargetDependency section */
		D707138123D9FEB4005832C0 /* PBXTargetDependency */ = {
			isa = PBXTargetDependency;
			target = D707136823D9FEB1005832C0 /* ShoppingList */;
			targetProxy = D707138023D9FEB4005832C0 /* PBXContainerItemProxy */;
		};
/* End PBXTargetDependency section */

/* Begin PBXVariantGroup section */
		D707137723D9FEB4005832C0 /* LaunchScreen.storyboard */ = {
			isa = PBXVariantGroup;
			children = (
				D707137823D9FEB4005832C0 /* Base */,
			);
			name = LaunchScreen.storyboard;
			sourceTree = "<group>";
		};
/* End PBXVariantGroup section */

/* Begin XCBuildConfiguration section */
		D707138623D9FEB4005832C0 /* Debug */ = {
			isa = XCBuildConfiguration;
			buildSettings = {
				ALWAYS_SEARCH_USER_PATHS = NO;
				CLANG_ANALYZER_NONNULL = YES;
				CLANG_ANALYZER_NUMBER_OBJECT_CONVERSION = YES_AGGRESSIVE;
				CLANG_CXX_LANGUAGE_STANDARD = "gnu++14";
				CLANG_CXX_LIBRARY = "libc++";
				CLANG_ENABLE_MODULES = YES;
				CLANG_ENABLE_OBJC_ARC = YES;
				CLANG_ENABLE_OBJC_WEAK = YES;
				CLANG_WARN_BLOCK_CAPTURE_AUTORELEASING = YES;
				CLANG_WARN_BOOL_CONVERSION = YES;
				CLANG_WARN_COMMA = YES;
				CLANG_WARN_CONSTANT_CONVERSION = YES;
				CLANG_WARN_DEPRECATED_OBJC_IMPLEMENTATIONS = YES;
				CLANG_WARN_DIRECT_OBJC_ISA_USAGE = YES_ERROR;
				CLANG_WARN_DOCUMENTATION_COMMENTS = YES;
				CLANG_WARN_EMPTY_BODY = YES;
				CLANG_WARN_ENUM_CONVERSION = YES;
				CLANG_WARN_INFINITE_RECURSION = YES;
				CLANG_WARN_INT_CONVERSION = YES;
				CLANG_WARN_NON_LITERAL_NULL_CONVERSION = YES;
				CLANG_WARN_OBJC_IMPLICIT_RETAIN_SELF = YES;
				CLANG_WARN_OBJC_LITERAL_CONVERSION = YES;
				CLANG_WARN_OBJC_ROOT_CLASS = YES_ERROR;
				CLANG_WARN_RANGE_LOOP_ANALYSIS = YES;
				CLANG_WARN_STRICT_PROTOTYPES = YES;
				CLANG_WARN_SUSPICIOUS_MOVE = YES;
				CLANG_WARN_UNGUARDED_AVAILABILITY = YES_AGGRESSIVE;
				CLANG_WARN_UNREACHABLE_CODE = YES;
				CLANG_WARN__DUPLICATE_METHOD_MATCH = YES;
				COPY_PHASE_STRIP = NO;
				DEBUG_INFORMATION_FORMAT = dwarf;
				ENABLE_STRICT_OBJC_MSGSEND = YES;
				ENABLE_TESTABILITY = YES;
				GCC_C_LANGUAGE_STANDARD = gnu11;
				GCC_DYNAMIC_NO_PIC = NO;
				GCC_NO_COMMON_BLOCKS = YES;
				GCC_OPTIMIZATION_LEVEL = 0;
				GCC_PREPROCESSOR_DEFINITIONS = (
					"DEBUG=1",
					"$(inherited)",
				);
				GCC_WARN_64_TO_32_BIT_CONVERSION = YES;
				GCC_WARN_ABOUT_RETURN_TYPE = YES_ERROR;
				GCC_WARN_UNDECLARED_SELECTOR = YES;
				GCC_WARN_UNINITIALIZED_AUTOS = YES_AGGRESSIVE;
				GCC_WARN_UNUSED_FUNCTION = YES;
				GCC_WARN_UNUSED_VARIABLE = YES;
				IPHONEOS_DEPLOYMENT_TARGET = 13.2;
				MTL_ENABLE_DEBUG_INFO = INCLUDE_SOURCE;
				MTL_FAST_MATH = YES;
				ONLY_ACTIVE_ARCH = YES;
				SDKROOT = iphoneos;
				SWIFT_ACTIVE_COMPILATION_CONDITIONS = DEBUG;
				SWIFT_OPTIMIZATION_LEVEL = "-Onone";
			};
			name = Debug;
		};
		D707138723D9FEB4005832C0 /* Release */ = {
			isa = XCBuildConfiguration;
			buildSettings = {
				ALWAYS_SEARCH_USER_PATHS = NO;
				CLANG_ANALYZER_NONNULL = YES;
				CLANG_ANALYZER_NUMBER_OBJECT_CONVERSION = YES_AGGRESSIVE;
				CLANG_CXX_LANGUAGE_STANDARD = "gnu++14";
				CLANG_CXX_LIBRARY = "libc++";
				CLANG_ENABLE_MODULES = YES;
				CLANG_ENABLE_OBJC_ARC = YES;
				CLANG_ENABLE_OBJC_WEAK = YES;
				CLANG_WARN_BLOCK_CAPTURE_AUTORELEASING = YES;
				CLANG_WARN_BOOL_CONVERSION = YES;
				CLANG_WARN_COMMA = YES;
				CLANG_WARN_CONSTANT_CONVERSION = YES;
				CLANG_WARN_DEPRECATED_OBJC_IMPLEMENTATIONS = YES;
				CLANG_WARN_DIRECT_OBJC_ISA_USAGE = YES_ERROR;
				CLANG_WARN_DOCUMENTATION_COMMENTS = YES;
				CLANG_WARN_EMPTY_BODY = YES;
				CLANG_WARN_ENUM_CONVERSION = YES;
				CLANG_WARN_INFINITE_RECURSION = YES;
				CLANG_WARN_INT_CONVERSION = YES;
				CLANG_WARN_NON_LITERAL_NULL_CONVERSION = YES;
				CLANG_WARN_OBJC_IMPLICIT_RETAIN_SELF = YES;
				CLANG_WARN_OBJC_LITERAL_CONVERSION = YES;
				CLANG_WARN_OBJC_ROOT_CLASS = YES_ERROR;
				CLANG_WARN_RANGE_LOOP_ANALYSIS = YES;
				CLANG_WARN_STRICT_PROTOTYPES = YES;
				CLANG_WARN_SUSPICIOUS_MOVE = YES;
				CLANG_WARN_UNGUARDED_AVAILABILITY = YES_AGGRESSIVE;
				CLANG_WARN_UNREACHABLE_CODE = YES;
				CLANG_WARN__DUPLICATE_METHOD_MATCH = YES;
				COPY_PHASE_STRIP = NO;
				DEBUG_INFORMATION_FORMAT = "dwarf-with-dsym";
				ENABLE_NS_ASSERTIONS = NO;
				ENABLE_STRICT_OBJC_MSGSEND = YES;
				GCC_C_LANGUAGE_STANDARD = gnu11;
				GCC_NO_COMMON_BLOCKS = YES;
				GCC_WARN_64_TO_32_BIT_CONVERSION = YES;
				GCC_WARN_ABOUT_RETURN_TYPE = YES_ERROR;
				GCC_WARN_UNDECLARED_SELECTOR = YES;
				GCC_WARN_UNINITIALIZED_AUTOS = YES_AGGRESSIVE;
				GCC_WARN_UNUSED_FUNCTION = YES;
				GCC_WARN_UNUSED_VARIABLE = YES;
				IPHONEOS_DEPLOYMENT_TARGET = 13.2;
				MTL_ENABLE_DEBUG_INFO = NO;
				MTL_FAST_MATH = YES;
				SDKROOT = iphoneos;
				SWIFT_COMPILATION_MODE = wholemodule;
				SWIFT_OPTIMIZATION_LEVEL = "-O";
				VALIDATE_PRODUCT = YES;
			};
			name = Release;
		};
		D707138923D9FEB4005832C0 /* Debug */ = {
			isa = XCBuildConfiguration;
			buildSettings = {
				ASSETCATALOG_COMPILER_APPICON_NAME = AppIcon;
				CODE_SIGN_STYLE = Automatic;
				DEVELOPMENT_TEAM = N32T25WC4R;
				INFOPLIST_FILE = ShoppingList/Info.plist;
				LD_RUNPATH_SEARCH_PATHS = (
					"$(inherited)",
					"@executable_path/Frameworks",
				);
				PRODUCT_BUNDLE_IDENTIFIER = szymon.szysz.ShoppingList;
				PRODUCT_NAME = "$(TARGET_NAME)";
				SWIFT_VERSION = 5.0;
				TARGETED_DEVICE_FAMILY = "1,2";
			};
			name = Debug;
		};
		D707138A23D9FEB4005832C0 /* Release */ = {
			isa = XCBuildConfiguration;
			buildSettings = {
				ASSETCATALOG_COMPILER_APPICON_NAME = AppIcon;
				CODE_SIGN_STYLE = Automatic;
				DEVELOPMENT_TEAM = N32T25WC4R;
				INFOPLIST_FILE = ShoppingList/Info.plist;
				LD_RUNPATH_SEARCH_PATHS = (
					"$(inherited)",
					"@executable_path/Frameworks",
				);
				PRODUCT_BUNDLE_IDENTIFIER = szymon.szysz.ShoppingList;
				PRODUCT_NAME = "$(TARGET_NAME)";
				SWIFT_VERSION = 5.0;
				TARGETED_DEVICE_FAMILY = "1,2";
			};
			name = Release;
		};
		D707138C23D9FEB4005832C0 /* Debug */ = {
			isa = XCBuildConfiguration;
			buildSettings = {
				ALWAYS_EMBED_SWIFT_STANDARD_LIBRARIES = YES;
				BUNDLE_LOADER = "$(TEST_HOST)";
				CODE_SIGN_STYLE = Automatic;
				DEVELOPMENT_TEAM = N32T25WC4R;
				INFOPLIST_FILE = ShoppingListTests/Info.plist;
				IPHONEOS_DEPLOYMENT_TARGET = 13.2;
				LD_RUNPATH_SEARCH_PATHS = (
					"$(inherited)",
					"@executable_path/Frameworks",
					"@loader_path/Frameworks",
				);
				PRODUCT_BUNDLE_IDENTIFIER = szymon.szysz.ShoppingListTests;
				PRODUCT_NAME = "$(TARGET_NAME)";
				SWIFT_VERSION = 5.0;
				TARGETED_DEVICE_FAMILY = "1,2";
				TEST_HOST = "$(BUILT_PRODUCTS_DIR)/ShoppingList.app/ShoppingList";
			};
			name = Debug;
		};
		D707138D23D9FEB4005832C0 /* Release */ = {
			isa = XCBuildConfiguration;
			buildSettings = {
				ALWAYS_EMBED_SWIFT_STANDARD_LIBRARIES = YES;
				BUNDLE_LOADER = "$(TEST_HOST)";
				CODE_SIGN_STYLE = Automatic;
				DEVELOPMENT_TEAM = N32T25WC4R;
				INFOPLIST_FILE = ShoppingListTests/Info.plist;
				IPHONEOS_DEPLOYMENT_TARGET = 13.2;
				LD_RUNPATH_SEARCH_PATHS = (
					"$(inherited)",
					"@executable_path/Frameworks",
					"@loader_path/Frameworks",
				);
				PRODUCT_BUNDLE_IDENTIFIER = szymon.szysz.ShoppingListTests;
				PRODUCT_NAME = "$(TARGET_NAME)";
				SWIFT_VERSION = 5.0;
				TARGETED_DEVICE_FAMILY = "1,2";
				TEST_HOST = "$(BUILT_PRODUCTS_DIR)/ShoppingList.app/ShoppingList";
			};
			name = Release;
		};
/* End XCBuildConfiguration section */

/* Begin XCConfigurationList section */
		D707136423D9FEB1005832C0 /* Build configuration list for PBXProject "ShoppingList" */ = {
			isa = XCConfigurationList;
			buildConfigurations = (
				D707138623D9FEB4005832C0 /* Debug */,
				D707138723D9FEB4005832C0 /* Release */,
			);
			defaultConfigurationIsVisible = 0;
			defaultConfigurationName = Release;
		};
		D707138823D9FEB4005832C0 /* Build configuration list for PBXNativeTarget "ShoppingList" */ = {
			isa = XCConfigurationList;
			buildConfigurations = (
				D707138923D9FEB4005832C0 /* Debug */,
				D707138A23D9FEB4005832C0 /* Release */,
			);
			defaultConfigurationIsVisible = 0;
			defaultConfigurationName = Release;
		};
		D707138B23D9FEB4005832C0 /* Build configuration list for PBXNativeTarget "ShoppingListTests" */ = {
			isa = XCConfigurationList;
			buildConfigurations = (
				D707138C23D9FEB4005832C0 /* Debug */,
				D707138D23D9FEB4005832C0 /* Release */,
			);
			defaultConfigurationIsVisible = 0;
			defaultConfigurationName = Release;
		};
/* End XCConfigurationList section */
	};
	rootObject = D707136123D9FEB1005832C0 /* Project object */;
}
